
Microsoft Visual Studio Solution File, Format Version 12.00
# Visual Studio Version 17
VisualStudioVersion = 17.6.33712.159
MinimumVisualStudioVersion = 10.0.40219.1
Project("{FAE04EC0-301F-11D3-BF4B-00C04F79EFBC}") = "Ejercicio49.Consola", "..\Ejercicio49\Ejercicio49.Consola\Ejercicio49.Consola.csproj", "{33EA6BCE-C97E-4965-A54C-B2C782A4C67D}"
EndProject
Global
	GlobalSection(SolutionConfigurationPlatforms) = preSolution
		Debug|Any CPU = Debug|Any CPU
		Release|Any CPU = Release|Any CPU
	EndGlobalSection
	GlobalSection(ProjectConfigurationPlatforms) = postSolution
		{33EA6BCE-C97E-4965-A54C-B2C782A4C67D}.Debug|Any CPU.ActiveCfg = Debug|Any CPU
		{33EA6BCE-C97E-4965-A54C-B2C782A4C67D}.Debug|Any CPU.Build.0 = Debug|Any CPU
		{33EA6BCE-C97E-4965-A54C-B2C782A4C67D}.Release|Any CPU.ActiveCfg = Release|Any CPU
		{33EA6BCE-C97E-4965-A54C-B2C782A4C67D}.Release|Any CPU.Build.0 = Release|Any CPU
	EndGlobalSection
	GlobalSection(SolutionProperties) = preSolution
		HideSolutionNode = FALSE
	EndGlobalSection
	GlobalSection(ExtensibilityGlobals) = postSolution
		SolutionGuid = {0C39EE39-B51F-4A62-AC16-AF43C56CEB94}
	EndGlobalSection
EndGlobal
